
Microsoft Visual Studio Solution File, Format Version 12.00
# Visual Studio Version 16
VisualStudioVersion = 16.0.31019.35
MinimumVisualStudioVersion = 10.0.40219.1
Project("{8BC9CEB8-8B4A-11D0-8D11-00A0C91BC942}") = "TranquilityClient-SDK", "TranquilityClient-SDK.vcxproj", "{CD2C1896-C594-4B9D-B764-F2A04634AC40}"
EndProject
Project("{8BC9CEB8-8B4A-11D0-8D11-00A0C91BC942}") = "SKD-Test", "..\SKD-Test\SKD-Test.vcxproj", "{AE62F460-C5D3-477A-B1E1-B3CE018E6E5D}"
	ProjectSection(ProjectDependencies) = postProject
		{CD2C1896-C594-4B9D-B764-F2A04634AC40} = {CD2C1896-C594-4B9D-B764-F2A04634AC40}
	EndProjectSection
EndProject
Global
	GlobalSection(SolutionConfigurationPlatforms) = preSolution
		Debug|x64 = Debug|x64
		Debug|x86 = Debug|x86
		Release|x64 = Release|x64
		Release|x86 = Release|x86
	EndGlobalSection
	GlobalSection(ProjectConfigurationPlatforms) = postSolution
		{CD2C1896-C594-4B9D-B764-F2A04634AC40}.Debug|x64.ActiveCfg = Debug|x64
		{CD2C1896-C594-4B9D-B764-F2A04634AC40}.Debug|x64.Build.0 = Debug|x64
		{CD2C1896-C594-4B9D-B764-F2A04634AC40}.Debug|x86.ActiveCfg = Debug|Win32
		{CD2C1896-C594-4B9D-B764-F2A04634AC40}.Debug|x86.Build.0 = Debug|Win32
		{CD2C1896-C594-4B9D-B764-F2A04634AC40}.Release|x64.ActiveCfg = Release|x64
		{CD2C1896-C594-4B9D-B764-F2A04634AC40}.Release|x64.Build.0 = Release|x64
		{CD2C1896-C594-4B9D-B764-F2A04634AC40}.Release|x86.ActiveCfg = Release|Win32
		{CD2C1896-C594-4B9D-B764-F2A04634AC40}.Release|x86.Build.0 = Release|Win32
		{AE62F460-C5D3-477A-B1E1-B3CE018E6E5D}.Debug|x64.ActiveCfg = Debug|x64
		{AE62F460-C5D3-477A-B1E1-B3CE018E6E5D}.Debug|x64.Build.0 = Debug|x64
		{AE62F460-C5D3-477A-B1E1-B3CE018E6E5D}.Debug|x86.ActiveCfg = Debug|Win32
		{AE62F460-C5D3-477A-B1E1-B3CE018E6E5D}.Debug|x86.Build.0 = Debug|Win32
		{AE62F460-C5D3-477A-B1E1-B3CE018E6E5D}.Release|x64.ActiveCfg = Release|x64
		{AE62F460-C5D3-477A-B1E1-B3CE018E6E5D}.Release|x64.Build.0 = Release|x64
		{AE62F460-C5D3-477A-B1E1-B3CE018E6E5D}.Release|x86.ActiveCfg = Release|Win32
		{AE62F460-C5D3-477A-B1E1-B3CE018E6E5D}.Release|x86.Build.0 = Release|Win32
	EndGlobalSection
	GlobalSection(SolutionProperties) = preSolution
		HideSolutionNode = FALSE
	EndGlobalSection
	GlobalSection(ExtensibilityGlobals) = postSolution
		SolutionGuid = {9424A612-94D1-4B7F-9A31-B952D788489D}
	EndGlobalSection
EndGlobal
